{
  "nodes": {
    "crane": {
      "inputs": {
        "flake-compat": "flake-compat",
        "flake-utils": "flake-utils",
        "nixpkgs": [
          "hyprsome",
          "nixpkgs"
        ],
        "rust-overlay": "rust-overlay"
      },
      "locked": {
        "lastModified": 1684981077,
        "narHash": "sha256-68X9cFm0RTZm8u0rXPbeBzOVUH5OoUGAfeHHVoxGd9o=",
        "owner": "ipetkov",
        "repo": "crane",
        "rev": "35110cccf28823320f4fd697fcafcb5038683982",
        "type": "github"
      },
      "original": {
        "owner": "ipetkov",
        "repo": "crane",
        "type": "github"
      }
    },
    "flake-compat": {
      "flake": false,
      "locked": {
        "lastModified": 1673956053,
        "narHash": "sha256-4gtG9iQuiKITOjNQQeQIpoIB6b16fm+504Ch3sNKLd8=",
        "owner": "edolstra",
        "repo": "flake-compat",
        "rev": "35bb57c0c8d8b62bbfd284272c928ceb64ddbde9",
        "type": "github"
      },
      "original": {
        "owner": "edolstra",
        "repo": "flake-compat",
        "type": "github"
      }
    },
    "flake-utils": {
      "inputs": {
        "systems": "systems"
      },
      "locked": {
        "lastModified": 1681202837,
        "narHash": "sha256-H+Rh19JDwRtpVPAWp64F+rlEtxUWBAQW28eAi3SRSzg=",
        "owner": "numtide",
        "repo": "flake-utils",
        "rev": "cfacdce06f30d2b68473a46042957675eebb3401",
        "type": "github"
      },
      "original": {
        "owner": "numtide",
        "repo": "flake-utils",
        "type": "github"
      }
    },
    "flake-utils_2": {
      "inputs": {
        "systems": "systems_2"
      },
      "locked": {
        "lastModified": 1685518550,
        "narHash": "sha256-o2d0KcvaXzTrPRIo0kOLV0/QXHhDQ5DTi+OxcjO8xqY=",
        "owner": "numtide",
        "repo": "flake-utils",
        "rev": "a1720a10a6cfe8234c0e93907ffe81be440f4cef",
        "type": "github"
      },
      "original": {
        "owner": "numtide",
        "repo": "flake-utils",
        "type": "github"
      }
    },
    "home-manager": {
      "inputs": {
        "nixpkgs": [
          "nixpkgs"
        ]
      },
      "locked": {
        "lastModified": 1717097707,
        "narHash": "sha256-HC5vJ3oYsjwsCaSbkIPv80e4ebJpNvFKQTBOGlHvjLs=",
        "owner": "nix-community",
        "repo": "home-manager",
        "rev": "0eb314b4f0ba337e88123e0b1e57ef58346aafd9",
        "type": "github"
      },
      "original": {
        "owner": "nix-community",
        "repo": "home-manager",
        "type": "github"
      }
    },
    "hyprsome": {
      "inputs": {
        "crane": "crane",
        "flake-utils": "flake-utils_2",
        "nixpkgs": "nixpkgs"
      },
      "locked": {
        "lastModified": 1716191660,
        "narHash": "sha256-JiOV9c23yOhaVW2NHgs8rjM8l9qt181Tigf5sCnPep8=",
        "owner": "sopa0",
        "repo": "hyprsome",
        "rev": "985e1a3b03b5118c98c03983f60ea9f74775858c",
        "type": "github"
      },
      "original": {
        "owner": "sopa0",
        "repo": "hyprsome",
        "type": "github"
      }
    },
    "nixos-hardware": {
      "locked": {
        "lastModified": 1717248095,
        "narHash": "sha256-e8X2eWjAHJQT82AAN+mCI0B68cIDBJpqJ156+VRrFO0=",
        "owner": "NixOS",
        "repo": "nixos-hardware",
        "rev": "7b49d3967613d9aacac5b340ef158d493906ba79",
        "type": "github"
      },
      "original": {
        "owner": "NixOS",
        "repo": "nixos-hardware",
        "type": "github"
      }
    },
    "nixpkgs": {
      "locked": {
        "lastModified": 1716128955,
        "narHash": "sha256-3DNg/PV+X2V7yn8b/fUR2ppakw7D9N4sjVBGk6nDwII=",
        "owner": "NixOS",
        "repo": "nixpkgs",
        "rev": "f9256de8281f2ccd04985ac5c30d8f69aefadbe8",
        "type": "github"
      },
      "original": {
        "owner": "NixOS",
        "ref": "nixpkgs-unstable",
        "repo": "nixpkgs",
        "type": "github"
      }
    },
    "nixpkgs-stable": {
      "locked": {
        "lastModified": 1716655032,
        "narHash": "sha256-kQ25DAiCGigsNR/Quxm3v+JGXAEXZ8I7RAF4U94bGzE=",
        "owner": "NixOS",
        "repo": "nixpkgs",
        "rev": "59a450646ec8ee0397f5fa54a08573e8240eb91f",
        "type": "github"
      },
      "original": {
        "owner": "NixOS",
        "ref": "release-23.11",
        "repo": "nixpkgs",
        "type": "github"
      }
    },
    "nixpkgs_2": {
      "locked": {
        "lastModified": 1716948383,
        "narHash": "sha256-SzDKxseEcHR5KzPXLwsemyTR/kaM9whxeiJohbL04rs=",
        "owner": "nixos",
        "repo": "nixpkgs",
        "rev": "ad57eef4ef0659193044870c731987a6df5cf56b",
        "type": "github"
      },
      "original": {
        "owner": "nixos",
        "ref": "nixos-unstable",
        "repo": "nixpkgs",
        "type": "github"
      }
    },
    "nixpkgs_3": {
      "locked": {
        "lastModified": 1716651315,
        "narHash": "sha256-iMgzIeedMqf30TXZ439zW3Yvng1Xm9QTGO+ZwG1IWSw=",
        "owner": "NixOS",
        "repo": "nixpkgs",
        "rev": "c5187508b11177ef4278edf19616f44f21cc8c69",
        "type": "github"
      },
      "original": {
        "owner": "NixOS",
        "ref": "nixpkgs-unstable",
        "repo": "nixpkgs",
        "type": "github"
      }
    },
    "nur": {
      "locked": {
        "lastModified": 1717274801,
        "narHash": "sha256-S4pz7vSZ4M+rKtn8bPBx3RjkkYO66cBRsacpZJVTVCk=",
        "owner": "nix-community",
        "repo": "NUR",
        "rev": "6e8ae8d6738d7f739baa91dbc0b48a0e16f04f55",
        "type": "github"
      },
      "original": {
        "owner": "nix-community",
        "repo": "NUR",
        "type": "github"
      }
    },
    "root": {
      "inputs": {
        "home-manager": "home-manager",
        "hyprsome": "hyprsome",
        "nixos-hardware": "nixos-hardware",
        "nixpkgs": "nixpkgs_2",
        "nur": "nur",
        "sops-nix": "sops-nix"
      }
    },
    "rust-overlay": {
      "inputs": {
        "flake-utils": [
          "hyprsome",
          "crane",
          "flake-utils"
        ],
        "nixpkgs": [
          "hyprsome",
          "crane",
          "nixpkgs"
        ]
      },
      "locked": {
        "lastModified": 1683080331,
        "narHash": "sha256-nGDvJ1DAxZIwdn6ww8IFwzoHb2rqBP4wv/65Wt5vflk=",
        "owner": "oxalica",
        "repo": "rust-overlay",
        "rev": "d59c3fa0cba8336e115b376c2d9e91053aa59e56",
        "type": "github"
      },
      "original": {
        "owner": "oxalica",
        "repo": "rust-overlay",
        "type": "github"
      }
    },
    "sops-nix": {
      "inputs": {
        "nixpkgs": "nixpkgs_3",
        "nixpkgs-stable": "nixpkgs-stable"
      },
      "locked": {
        "lastModified": 1716692524,
        "narHash": "sha256-sALodaA7Zkp/JD6ehgwc0UCBrSBfB4cX66uFGTsqeFU=",
        "owner": "Mic92",
        "repo": "sops-nix",
        "rev": "962797a8d7f15ed7033031731d0bb77244839960",
        "type": "github"
      },
      "original": {
        "owner": "Mic92",
        "repo": "sops-nix",
        "type": "github"
      }
    },
    "systems": {
      "locked": {
        "lastModified": 1681028828,
        "narHash": "sha256-Vy1rq5AaRuLzOxct8nz4T6wlgyUR7zLU309k9mBC768=",
        "owner": "nix-systems",
        "repo": "default",
        "rev": "da67096a3b9bf56a91d16901293e51ba5b49a27e",
        "type": "github"
      },
      "original": {
        "owner": "nix-systems",
        "repo": "default",
        "type": "github"
      }
    },
    "systems_2": {
      "locked": {
        "lastModified": 1681028828,
        "narHash": "sha256-Vy1rq5AaRuLzOxct8nz4T6wlgyUR7zLU309k9mBC768=",
        "owner": "nix-systems",
        "repo": "default",
        "rev": "da67096a3b9bf56a91d16901293e51ba5b49a27e",
        "type": "github"
      },
      "original": {
        "owner": "nix-systems",
        "repo": "default",
        "type": "github"
      }
    }
  },
  "root": "root",
  "version": 7
}
